
Microsoft Visual Studio Solution File, Format Version 12.00
# Visual Studio Version 17
VisualStudioVersion = 17.0.31825.309
MinimumVisualStudioVersion = 10.0.40219.1
Project("{2150E333-8FDC-42A3-9474-1A3956D46DE8}") = ".github", ".github", "{80B7EE8D-BFD5-4F31-BC37-103FDDACEA23}"
EndProject
Project("{2150E333-8FDC-42A3-9474-1A3956D46DE8}") = "workflows", "workflows", "{E9FCB2FE-4245-44DF-A7DE-189496E1431F}"
	ProjectSection(SolutionItems) = preProject
		.github\workflows\ntools.yml = .github\workflows\ntools.yml
	EndProjectSection
EndProject
Project("{2150E333-8FDC-42A3-9474-1A3956D46DE8}") = "Solution Items", "Solution Items", "{35AAB912-8196-4DE2-B5DA-98E9F4340A8D}"
	ProjectSection(SolutionItems) = preProject
		.gitignore = .gitignore
		mkdocs.yml = mkdocs.yml
		nbuild.log = nbuild.log
		nbuild.targets = nbuild.targets
		prebuild.bat = prebuild.bat
		README.md = README.md
		targets.md = targets.md
	EndProjectSection
EndProject
Project("{9A19103F-16F7-4668-BE54-9A1E7A4F7556}") = "Nbackup", "nBackup\Nbackup.csproj", "{1E00CF48-2881-478B-AC19-A9AE90910F44}"
EndProject
Project("{9A19103F-16F7-4668-BE54-9A1E7A4F7556}") = "NbackupTests", "nBackupTests\NbackupTests.csproj", "{79DD18A9-0E82-4F97-8353-1E5D8BC844BA}"
	ProjectSection(ProjectDependencies) = postProject
		{36875C3B-0953-4936-BB31-2402515DCBAA} = {36875C3B-0953-4936-BB31-2402515DCBAA}
	EndProjectSection
EndProject
Project("{9A19103F-16F7-4668-BE54-9A1E7A4F7556}") = "NbuildTasks", "NbuildTasks\NbuildTasks.csproj", "{36875C3B-0953-4936-BB31-2402515DCBAA}"
EndProject
Project("{9A19103F-16F7-4668-BE54-9A1E7A4F7556}") = "Nbuild", "nbuild\Nbuild.csproj", "{6E288918-A193-42FC-93A7-8457BF284B82}"
EndProject
Project("{9A19103F-16F7-4668-BE54-9A1E7A4F7556}") = "NbuildTests", "NbuildTests\NbuildTests.csproj", "{EFB85C8C-26C3-4A6F-919F-3534CD238975}"
	ProjectSection(ProjectDependencies) = postProject
		{36875C3B-0953-4936-BB31-2402515DCBAA} = {36875C3B-0953-4936-BB31-2402515DCBAA}
	EndProjectSection
EndProject
Project("{9A19103F-16F7-4668-BE54-9A1E7A4F7556}") = "NbuildTasksTests", "NbuildTasksTests\NbuildTasksTests.csproj", "{F98C96D6-AF6D-40EB-BFA2-73600DE146B2}"
EndProject
Project("{2150E333-8FDC-42A3-9474-1A3956D46DE8}") = "dev-setup", "dev-setup", "{35A35C8A-7DA2-4316-A8BE-00066BD1C003}"
	ProjectSection(SolutionItems) = preProject
		dev-setup\7-zip.json = dev-setup\7-zip.json
		dev-setup\apps.json = dev-setup\apps.json
		dev-setup\argo-cd.json = dev-setup\argo-cd.json
		dev-setup\azure-cli.json = dev-setup\azure-cli.json
		dev-setup\azure-powershell.json = dev-setup\azure-powershell.json
		dev-setup\calc-file-hash.ps1 = dev-setup\calc-file-hash.ps1
		dev-setup\docker.json = dev-setup\docker.json
		dev-setup\dotnet_runtime.json = dev-setup\dotnet_runtime.json
		dev-setup\ff.ps1 = dev-setup\ff.ps1
		dev-setup\git_for_windows.json = dev-setup\git_for_windows.json
		dev-setup\go.json = dev-setup\go.json
		dev-setup\install-ntools.ps1 = dev-setup\install-ntools.ps1
		dev-setup\install.log = dev-setup\install.log
		dev-setup\install.ps1 = dev-setup\install.ps1
		dev-setup\install.psm1 = dev-setup\install.psm1
		dev-setup\k8s.json = dev-setup\k8s.json
		dev-setup\list-file-version.ps1 = dev-setup\list-file-version.ps1
		dev-setup\minikube.json = dev-setup\minikube.json
		dev-setup\mongo-db.json = dev-setup\mongo-db.json
		dev-setup\ntools.json = dev-setup\ntools.json
		dev-setup\nuget.json = dev-setup\nuget.json
		dev-setup\powershell.json = dev-setup\powershell.json
		dev-setup\python.json = dev-setup\python.json
		dev-setup\setenv.ps1 = dev-setup\setenv.ps1
		dev-setup\sign-trust.ps1 = dev-setup\sign-trust.ps1
		dev-setup\sign.ps1 = dev-setup\sign.ps1
		dev-setup\sysinternals.json = dev-setup\sysinternals.json
		dev-setup\terraform.json = dev-setup\terraform.json
		dev-setup\tflint.json = dev-setup\tflint.json
		dev-setup\visual-studio-22.json = dev-setup\visual-studio-22.json
		dev-setup\vs-code.json = dev-setup\vs-code.json
	EndProjectSection
EndProject
Project("{2150E333-8FDC-42A3-9474-1A3956D46DE8}") = "docs", "docs", "{B79CBB23-CB3B-4934-921E-59BF51B96B93}"
	ProjectSection(SolutionItems) = preProject
		docs\changelog.md = docs\changelog.md
		docs\index.md = docs\index.md
		docs\installation.md = docs\installation.md
		dev-setup\Ntools.md = dev-setup\Ntools.md
		docs\setup.md = docs\setup.md
		docs\usage.md = docs\usage.md
	EndProjectSection
EndProject
Project("{2150E333-8FDC-42A3-9474-1A3956D46DE8}") = "ntools", "ntools", "{DBDD07F6-003B-4E2D-8BBA-651A29E54445}"
	ProjectSection(SolutionItems) = preProject
		docs\ntools\dev-setup.md = docs\ntools\dev-setup.md
		docs\ntools\devsetup.md = docs\ntools\devsetup.md
		docs\ntools\github-release.md = docs\ntools\github-release.md
		docs\ntools\nbackup.md = docs\ntools\nbackup.md
		docs\ntools\nbuild-targets.md = docs\ntools\nbuild-targets.md
		docs\ntools\nbuild.md = docs\ntools\nbuild.md
		docs\ntools\nbuildtasks.md = docs\ntools\nbuildtasks.md
		docs\ntools\ngit.md = docs\ntools\ngit.md
		docs\ntools\ntools.md = docs\ntools\ntools.md
	EndProjectSection
EndProject
Project("{FAE04EC0-301F-11D3-BF4B-00C04F79EFBC}") = "GitHubRelease", "GitHubRelease\GitHubRelease.csproj", "{DE08895C-1D65-4A68-B9CC-144B5FADEB5A}"
EndProject
Project("{FAE04EC0-301F-11D3-BF4B-00C04F79EFBC}") = "GitHubReleaseTests", "GitHubReleaseTests\GitHubReleaseTests.csproj", "{CF5DF473-3089-4B66-A483-9CDA206CC083}"
EndProject
Project("{2150E333-8FDC-42A3-9474-1A3956D46DE8}") = "go", "go", "{72A31A3D-5909-486D-AB92-BF76A06BDAAA}"
	ProjectSection(SolutionItems) = preProject
		go\apps.json = go\apps.json
		go\build-apps.exe = go\build-apps.exe
		go\build-apps.go = go\build-apps.go
	EndProjectSection
EndProject
Global
	GlobalSection(SolutionConfigurationPlatforms) = preSolution
		Debug|Any CPU = Debug|Any CPU
		Release|Any CPU = Release|Any CPU
	EndGlobalSection
	GlobalSection(ProjectConfigurationPlatforms) = postSolution
		{1E00CF48-2881-478B-AC19-A9AE90910F44}.Debug|Any CPU.ActiveCfg = Debug|Any CPU
		{1E00CF48-2881-478B-AC19-A9AE90910F44}.Debug|Any CPU.Build.0 = Debug|Any CPU
		{1E00CF48-2881-478B-AC19-A9AE90910F44}.Release|Any CPU.ActiveCfg = Release|Any CPU
		{1E00CF48-2881-478B-AC19-A9AE90910F44}.Release|Any CPU.Build.0 = Release|Any CPU
		{79DD18A9-0E82-4F97-8353-1E5D8BC844BA}.Debug|Any CPU.ActiveCfg = Debug|Any CPU
		{79DD18A9-0E82-4F97-8353-1E5D8BC844BA}.Debug|Any CPU.Build.0 = Debug|Any CPU
		{79DD18A9-0E82-4F97-8353-1E5D8BC844BA}.Release|Any CPU.ActiveCfg = Release|Any CPU
		{79DD18A9-0E82-4F97-8353-1E5D8BC844BA}.Release|Any CPU.Build.0 = Release|Any CPU
		{36875C3B-0953-4936-BB31-2402515DCBAA}.Debug|Any CPU.ActiveCfg = Debug|Any CPU
		{36875C3B-0953-4936-BB31-2402515DCBAA}.Debug|Any CPU.Build.0 = Debug|Any CPU
		{36875C3B-0953-4936-BB31-2402515DCBAA}.Release|Any CPU.ActiveCfg = Release|Any CPU
		{36875C3B-0953-4936-BB31-2402515DCBAA}.Release|Any CPU.Build.0 = Release|Any CPU
		{6E288918-A193-42FC-93A7-8457BF284B82}.Debug|Any CPU.ActiveCfg = Debug|Any CPU
		{6E288918-A193-42FC-93A7-8457BF284B82}.Debug|Any CPU.Build.0 = Debug|Any CPU
		{6E288918-A193-42FC-93A7-8457BF284B82}.Release|Any CPU.ActiveCfg = Release|Any CPU
		{6E288918-A193-42FC-93A7-8457BF284B82}.Release|Any CPU.Build.0 = Release|Any CPU
		{EFB85C8C-26C3-4A6F-919F-3534CD238975}.Debug|Any CPU.ActiveCfg = Debug|Any CPU
		{EFB85C8C-26C3-4A6F-919F-3534CD238975}.Debug|Any CPU.Build.0 = Debug|Any CPU
		{EFB85C8C-26C3-4A6F-919F-3534CD238975}.Release|Any CPU.ActiveCfg = Release|Any CPU
		{EFB85C8C-26C3-4A6F-919F-3534CD238975}.Release|Any CPU.Build.0 = Release|Any CPU
		{F98C96D6-AF6D-40EB-BFA2-73600DE146B2}.Debug|Any CPU.ActiveCfg = Debug|Any CPU
		{F98C96D6-AF6D-40EB-BFA2-73600DE146B2}.Debug|Any CPU.Build.0 = Debug|Any CPU
		{F98C96D6-AF6D-40EB-BFA2-73600DE146B2}.Release|Any CPU.ActiveCfg = Release|Any CPU
		{F98C96D6-AF6D-40EB-BFA2-73600DE146B2}.Release|Any CPU.Build.0 = Release|Any CPU
		{DE08895C-1D65-4A68-B9CC-144B5FADEB5A}.Debug|Any CPU.ActiveCfg = Debug|Any CPU
		{DE08895C-1D65-4A68-B9CC-144B5FADEB5A}.Debug|Any CPU.Build.0 = Debug|Any CPU
		{DE08895C-1D65-4A68-B9CC-144B5FADEB5A}.Release|Any CPU.ActiveCfg = Release|Any CPU
		{DE08895C-1D65-4A68-B9CC-144B5FADEB5A}.Release|Any CPU.Build.0 = Release|Any CPU
		{CF5DF473-3089-4B66-A483-9CDA206CC083}.Debug|Any CPU.ActiveCfg = Debug|Any CPU
		{CF5DF473-3089-4B66-A483-9CDA206CC083}.Debug|Any CPU.Build.0 = Debug|Any CPU
		{CF5DF473-3089-4B66-A483-9CDA206CC083}.Release|Any CPU.ActiveCfg = Release|Any CPU
		{CF5DF473-3089-4B66-A483-9CDA206CC083}.Release|Any CPU.Build.0 = Release|Any CPU
	EndGlobalSection
	GlobalSection(SolutionProperties) = preSolution
		HideSolutionNode = FALSE
	EndGlobalSection
	GlobalSection(NestedProjects) = preSolution
		{E9FCB2FE-4245-44DF-A7DE-189496E1431F} = {80B7EE8D-BFD5-4F31-BC37-103FDDACEA23}
		{DBDD07F6-003B-4E2D-8BBA-651A29E54445} = {B79CBB23-CB3B-4934-921E-59BF51B96B93}
	EndGlobalSection
	GlobalSection(ExtensibilityGlobals) = postSolution
		SolutionGuid = {527DD901-16CB-4923-96ED-B02CD23566E7}
	EndGlobalSection
EndGlobal
