
Microsoft Visual Studio Solution File, Format Version 12.00
# Visual Studio Version 17
VisualStudioVersion = 17.0.31825.309
MinimumVisualStudioVersion = 10.0.40219.1
Project("{2150E333-8FDC-42A3-9474-1A3956D46DE8}") = ".github", ".github", "{80B7EE8D-BFD5-4F31-BC37-103FDDACEA23}"
EndProject
Project("{2150E333-8FDC-42A3-9474-1A3956D46DE8}") = "workflows", "workflows", "{E9FCB2FE-4245-44DF-A7DE-189496E1431F}"
	ProjectSection(SolutionItems) = preProject
		.github\workflows\ntools.yml = .github\workflows\ntools.yml
	EndProjectSection
EndProject
Project("{2150E333-8FDC-42A3-9474-1A3956D46DE8}") = "Solution Items", "Solution Items", "{35AAB912-8196-4DE2-B5DA-98E9F4340A8D}"
	ProjectSection(SolutionItems) = preProject
		.gitignore = .gitignore
		ApiVersions\ApiVersions.csproj = ApiVersions\ApiVersions.csproj
		mkdocs.yml = mkdocs.yml
		nbuild.log = nbuild.log
		nbuild.targets = nbuild.targets
		prebuild.bat = prebuild.bat
		README.md = README.md
		targets.md = targets.md
		wi\wi.csproj = wi\wi.csproj
	EndProjectSection
EndProject
Project("{9A19103F-16F7-4668-BE54-9A1E7A4F7556}") = "NbackupTests", "nBackupTests\NbackupTests.csproj", "{79DD18A9-0E82-4F97-8353-1E5D8BC844BA}"
	ProjectSection(ProjectDependencies) = postProject
		{36875C3B-0953-4936-BB31-2402515DCBAA} = {36875C3B-0953-4936-BB31-2402515DCBAA}
	EndProjectSection
EndProject
Project("{9A19103F-16F7-4668-BE54-9A1E7A4F7556}") = "NbuildTasks", "NbuildTasks\NbuildTasks.csproj", "{36875C3B-0953-4936-BB31-2402515DCBAA}"
EndProject
Project("{9A19103F-16F7-4668-BE54-9A1E7A4F7556}") = "NbuildTests", "NbuildTests\NbuildTests.csproj", "{EFB85C8C-26C3-4A6F-919F-3534CD238975}"
	ProjectSection(ProjectDependencies) = postProject
		{36875C3B-0953-4936-BB31-2402515DCBAA} = {36875C3B-0953-4936-BB31-2402515DCBAA}
	EndProjectSection
EndProject
Project("{9A19103F-16F7-4668-BE54-9A1E7A4F7556}") = "NbuildTasksTests", "NbuildTasksTests\NbuildTasksTests.csproj", "{F98C96D6-AF6D-40EB-BFA2-73600DE146B2}"
EndProject
Project("{2150E333-8FDC-42A3-9474-1A3956D46DE8}") = "dev-setup", "dev-setup", "{35A35C8A-7DA2-4316-A8BE-00066BD1C003}"
	ProjectSection(SolutionItems) = preProject
		dev-setup\7-zip.json = dev-setup\7-zip.json
		dev-setup\apps.json = dev-setup\apps.json
		dev-setup\argo-cd.json = dev-setup\argo-cd.json
		dev-setup\azure-cli.json = dev-setup\azure-cli.json
		dev-setup\azure-powershell.json = dev-setup\azure-powershell.json
		dev-setup\docker.json = dev-setup\docker.json
		dev-setup\dotnet_runtime.json = dev-setup\dotnet_runtime.json
		dev-setup\git_for_windows.json = dev-setup\git_for_windows.json
		dev-setup\go.json = dev-setup\go.json
		dev-setup\install.log = dev-setup\install.log
		dev-setup\k8s.json = dev-setup\k8s.json
		dev-setup\minikube.json = dev-setup\minikube.json
		dev-setup\mongo-db.json = dev-setup\mongo-db.json
		dev-setup\ntools.json = dev-setup\ntools.json
		dev-setup\nuget.json = dev-setup\nuget.json
		dev-setup\powershell.json = dev-setup\powershell.json
		dev-setup\python.json = dev-setup\python.json
		dev-setup\sysinternals.json = dev-setup\sysinternals.json
		dev-setup\terraform.json = dev-setup\terraform.json
		dev-setup\tflint.json = dev-setup\tflint.json
		dev-setup\visual-studio-22.json = dev-setup\visual-studio-22.json
		dev-setup\vs-code.json = dev-setup\vs-code.json
	EndProjectSection
EndProject
Project("{2150E333-8FDC-42A3-9474-1A3956D46DE8}") = "scripts", "scripts", "{F1234567-89AB-CDEF-0123-456789ABCDEF}"
	ProjectSection(SolutionItems) = preProject
		scripts\README.md = scripts\README.md
		scripts\build\build-publish-all.ps1 = scripts\build\build-publish-all.ps1

		scripts\devops\devops-get-ip.ps1 = scripts\devops\devops-get-ip.ps1
		scripts\devops\devops-precommit-hooks.ps1 = scripts\devops\devops-precommit-hooks.ps1
		scripts\devops\devops-update-versions.ps1 = scripts\devops\devops-update-versions.ps1
		scripts\devops\devops-waf-add-rule.ps1 = scripts\devops\devops-waf-add-rule.ps1
		scripts\devops\devops-waf-delete-rule.ps1 = scripts\devops\devops-waf-delete-rule.ps1
		scripts\modules\Build.psm1 = scripts\modules\Build.psm1
		scripts\modules\Common.psm1 = scripts\modules\Common.psm1
		scripts\modules\Install.psm1 = scripts\modules\Install.psm1
		scripts\modules\Testing.psm1 = scripts\modules\Testing.psm1
		# setup-environment.ps1 removed; replaced by Set-DevelopmentEnvironment in ntools-scripts module
		scripts\setup\setup-install-apps.ps1 = scripts\setup\setup-install-apps.ps1
		scripts\setup\setup-install-ntools.ps1 = scripts\setup\setup-install-ntools.ps1
		scripts\setup\setup-signing-trust.ps1 = scripts\setup\setup-signing-trust.ps1
		scripts\setup\setup-signing.ps1 = scripts\setup\setup-signing.ps1
		scripts\test\test-coverage.ps1 = scripts\test\test-coverage.ps1
		scripts\test\test-delegation.ps1 = scripts\test\test-delegation.ps1
		scripts\test\test-target-delegation.ps1 = scripts\test\test-target-delegation.ps1
		scripts\test\test-target-quick.ps1 = scripts\test\test-target-quick.ps1
		scripts\utils\util-calc-hash.ps1 = scripts\utils\util-calc-hash.ps1
		scripts\utils\util-fast-forward.ps1 = scripts\utils\util-fast-forward.ps1
		scripts\utils\util-list-file-version.ps1 = scripts\utils\util-list-file-version.ps1
	EndProjectSection
EndProject
Project("{2150E333-8FDC-42A3-9474-1A3956D46DE8}") = "docs", "docs", "{B79CBB23-CB3B-4934-921E-59BF51B96B93}"
	ProjectSection(SolutionItems) = preProject
		docs\changelog.md = docs\changelog.md
		docs\index.md = docs\index.md
		docs\installation.md = docs\installation.md
		dev-setup\Ntools.md = dev-setup\Ntools.md
		docs\setup.md = docs\setup.md
		docs\usage.md = docs\usage.md
	EndProjectSection
EndProject
Project("{2150E333-8FDC-42A3-9474-1A3956D46DE8}") = "ntools", "ntools", "{DBDD07F6-003B-4E2D-8BBA-651A29E54445}"
	ProjectSection(SolutionItems) = preProject
		docs\ntools\dev-setup.md = docs\ntools\dev-setup.md
		docs\ntools\devsetup.md = docs\ntools\devsetup.md
		docs\ntools\github-release.md = docs\ntools\github-release.md
		docs\ntools\nbackup.md = docs\ntools\nbackup.md
		docs\ntools\nbuild-targets.md = docs\ntools\nbuild-targets.md
		docs\ntools\nbuild.md = docs\ntools\nbuild.md
		docs\ntools\nbuildtasks.md = docs\ntools\nbuildtasks.md
		docs\ntools\ngit.md = docs\ntools\ngit.md
		docs\ntools\ntools.md = docs\ntools\ntools.md
	EndProjectSection
EndProject
Project("{FAE04EC0-301F-11D3-BF4B-00C04F79EFBC}") = "GitHubRelease", "GitHubRelease\GitHubRelease.csproj", "{DE08895C-1D65-4A68-B9CC-144B5FADEB5A}"
EndProject
Project("{FAE04EC0-301F-11D3-BF4B-00C04F79EFBC}") = "GitHubReleaseTests", "GitHubReleaseTests\GitHubReleaseTests.csproj", "{CF5DF473-3089-4B66-A483-9CDA206CC083}"
EndProject
Project("{2150E333-8FDC-42A3-9474-1A3956D46DE8}") = "go", "go", "{72A31A3D-5909-486D-AB92-BF76A06BDAAA}"
	ProjectSection(SolutionItems) = preProject
		go\apps.json = go\apps.json
		go\build-apps.exe = go\build-apps.exe
		go\build-apps.go = go\build-apps.go
	EndProjectSection
EndProject
Project("{FAE04EC0-301F-11D3-BF4B-00C04F79EFBC}") = "lf", "lf\lf.csproj", "{524E8E3D-3495-C6F7-F624-F7AD1A9F2621}"
EndProject
Project("{FAE04EC0-301F-11D3-BF4B-00C04F79EFBC}") = "lfTests", "lfTests\lfTests.csproj", "{B70A8112-F9C0-5646-4C66-B34C8E8AB203}"
EndProject
Project("{FAE04EC0-301F-11D3-BF4B-00C04F79EFBC}") = "wi", "wi\wi.csproj", "{78D9DDB5-4B3D-01F8-E5D0-0498080F54F1}"
EndProject
Project("{FAE04EC0-301F-11D3-BF4B-00C04F79EFBC}") = "Nbuild", "Nbuild\Nbuild.csproj", "{CB80CD10-DC2F-48A6-91D6-192C84AD765A}"
EndProject
Project("{FAE04EC0-301F-11D3-BF4B-00C04F79EFBC}") = "nBackup", "nBackup\nBackup.csproj", "{75AF1D68-CD4A-4C01-9728-7A93B8DDEA1B}"
EndProject
Project("{FAE04EC0-301F-11D3-BF4B-00C04F79EFBC}") = "wiTests", "wiTests\wiTests.csproj", "{B8D3FBB1-E102-48FE-838E-5F907B9B3A8D}"
EndProject
Project("{FAE04EC0-301F-11D3-BF4B-00C04F79EFBC}") = "ApiVersions", "ApiVersions\ApiVersions.csproj", "{71123CA7-06B4-BEC1-ED29-A55FCC7F22BB}"
EndProject
Global
	GlobalSection(SolutionConfigurationPlatforms) = preSolution
		Debug|Any CPU = Debug|Any CPU
		Debug|x64 = Debug|x64
		Debug|x86 = Debug|x86
		Release|Any CPU = Release|Any CPU
		Release|x64 = Release|x64
		Release|x86 = Release|x86
	EndGlobalSection
	GlobalSection(ProjectConfigurationPlatforms) = postSolution
		{79DD18A9-0E82-4F97-8353-1E5D8BC844BA}.Debug|Any CPU.ActiveCfg = Debug|Any CPU
		{79DD18A9-0E82-4F97-8353-1E5D8BC844BA}.Debug|Any CPU.Build.0 = Debug|Any CPU
		{79DD18A9-0E82-4F97-8353-1E5D8BC844BA}.Debug|x64.ActiveCfg = Debug|Any CPU
		{79DD18A9-0E82-4F97-8353-1E5D8BC844BA}.Debug|x64.Build.0 = Debug|Any CPU
		{79DD18A9-0E82-4F97-8353-1E5D8BC844BA}.Debug|x86.ActiveCfg = Debug|Any CPU
		{79DD18A9-0E82-4F97-8353-1E5D8BC844BA}.Debug|x86.Build.0 = Debug|Any CPU
		{79DD18A9-0E82-4F97-8353-1E5D8BC844BA}.Release|Any CPU.ActiveCfg = Release|Any CPU
		{79DD18A9-0E82-4F97-8353-1E5D8BC844BA}.Release|Any CPU.Build.0 = Release|Any CPU
		{79DD18A9-0E82-4F97-8353-1E5D8BC844BA}.Release|x64.ActiveCfg = Release|Any CPU
		{79DD18A9-0E82-4F97-8353-1E5D8BC844BA}.Release|x64.Build.0 = Release|Any CPU
		{79DD18A9-0E82-4F97-8353-1E5D8BC844BA}.Release|x86.ActiveCfg = Release|Any CPU
		{79DD18A9-0E82-4F97-8353-1E5D8BC844BA}.Release|x86.Build.0 = Release|Any CPU
		{36875C3B-0953-4936-BB31-2402515DCBAA}.Debug|Any CPU.ActiveCfg = Debug|Any CPU
		{36875C3B-0953-4936-BB31-2402515DCBAA}.Debug|Any CPU.Build.0 = Debug|Any CPU
		{36875C3B-0953-4936-BB31-2402515DCBAA}.Debug|x64.ActiveCfg = Debug|Any CPU
		{36875C3B-0953-4936-BB31-2402515DCBAA}.Debug|x64.Build.0 = Debug|Any CPU
		{36875C3B-0953-4936-BB31-2402515DCBAA}.Debug|x86.ActiveCfg = Debug|Any CPU
		{36875C3B-0953-4936-BB31-2402515DCBAA}.Debug|x86.Build.0 = Debug|Any CPU
		{36875C3B-0953-4936-BB31-2402515DCBAA}.Release|Any CPU.ActiveCfg = Release|Any CPU
		{36875C3B-0953-4936-BB31-2402515DCBAA}.Release|Any CPU.Build.0 = Release|Any CPU
		{36875C3B-0953-4936-BB31-2402515DCBAA}.Release|x64.ActiveCfg = Release|Any CPU
		{36875C3B-0953-4936-BB31-2402515DCBAA}.Release|x64.Build.0 = Release|Any CPU
		{36875C3B-0953-4936-BB31-2402515DCBAA}.Release|x86.ActiveCfg = Release|Any CPU
		{36875C3B-0953-4936-BB31-2402515DCBAA}.Release|x86.Build.0 = Release|Any CPU
		{EFB85C8C-26C3-4A6F-919F-3534CD238975}.Debug|Any CPU.ActiveCfg = Debug|Any CPU
		{EFB85C8C-26C3-4A6F-919F-3534CD238975}.Debug|Any CPU.Build.0 = Debug|Any CPU
		{EFB85C8C-26C3-4A6F-919F-3534CD238975}.Debug|x64.ActiveCfg = Debug|Any CPU
		{EFB85C8C-26C3-4A6F-919F-3534CD238975}.Debug|x64.Build.0 = Debug|Any CPU
		{EFB85C8C-26C3-4A6F-919F-3534CD238975}.Debug|x86.ActiveCfg = Debug|Any CPU
		{EFB85C8C-26C3-4A6F-919F-3534CD238975}.Debug|x86.Build.0 = Debug|Any CPU
		{EFB85C8C-26C3-4A6F-919F-3534CD238975}.Release|Any CPU.ActiveCfg = Release|Any CPU
		{EFB85C8C-26C3-4A6F-919F-3534CD238975}.Release|Any CPU.Build.0 = Release|Any CPU
		{EFB85C8C-26C3-4A6F-919F-3534CD238975}.Release|x64.ActiveCfg = Release|Any CPU
		{EFB85C8C-26C3-4A6F-919F-3534CD238975}.Release|x64.Build.0 = Release|Any CPU
		{EFB85C8C-26C3-4A6F-919F-3534CD238975}.Release|x86.ActiveCfg = Release|Any CPU
		{EFB85C8C-26C3-4A6F-919F-3534CD238975}.Release|x86.Build.0 = Release|Any CPU
		{F98C96D6-AF6D-40EB-BFA2-73600DE146B2}.Debug|Any CPU.ActiveCfg = Debug|Any CPU
		{F98C96D6-AF6D-40EB-BFA2-73600DE146B2}.Debug|Any CPU.Build.0 = Debug|Any CPU
		{F98C96D6-AF6D-40EB-BFA2-73600DE146B2}.Debug|x64.ActiveCfg = Debug|Any CPU
		{F98C96D6-AF6D-40EB-BFA2-73600DE146B2}.Debug|x64.Build.0 = Debug|Any CPU
		{F98C96D6-AF6D-40EB-BFA2-73600DE146B2}.Debug|x86.ActiveCfg = Debug|Any CPU
		{F98C96D6-AF6D-40EB-BFA2-73600DE146B2}.Debug|x86.Build.0 = Debug|Any CPU
		{F98C96D6-AF6D-40EB-BFA2-73600DE146B2}.Release|Any CPU.ActiveCfg = Release|Any CPU
		{F98C96D6-AF6D-40EB-BFA2-73600DE146B2}.Release|Any CPU.Build.0 = Release|Any CPU
		{F98C96D6-AF6D-40EB-BFA2-73600DE146B2}.Release|x64.ActiveCfg = Release|Any CPU
		{F98C96D6-AF6D-40EB-BFA2-73600DE146B2}.Release|x64.Build.0 = Release|Any CPU
		{F98C96D6-AF6D-40EB-BFA2-73600DE146B2}.Release|x86.ActiveCfg = Release|Any CPU
		{F98C96D6-AF6D-40EB-BFA2-73600DE146B2}.Release|x86.Build.0 = Release|Any CPU
		{DE08895C-1D65-4A68-B9CC-144B5FADEB5A}.Debug|Any CPU.ActiveCfg = Debug|Any CPU
		{DE08895C-1D65-4A68-B9CC-144B5FADEB5A}.Debug|Any CPU.Build.0 = Debug|Any CPU
		{DE08895C-1D65-4A68-B9CC-144B5FADEB5A}.Debug|x64.ActiveCfg = Debug|Any CPU
		{DE08895C-1D65-4A68-B9CC-144B5FADEB5A}.Debug|x64.Build.0 = Debug|Any CPU
		{DE08895C-1D65-4A68-B9CC-144B5FADEB5A}.Debug|x86.ActiveCfg = Debug|Any CPU
		{DE08895C-1D65-4A68-B9CC-144B5FADEB5A}.Debug|x86.Build.0 = Debug|Any CPU
		{DE08895C-1D65-4A68-B9CC-144B5FADEB5A}.Release|Any CPU.ActiveCfg = Release|Any CPU
		{DE08895C-1D65-4A68-B9CC-144B5FADEB5A}.Release|Any CPU.Build.0 = Release|Any CPU
		{DE08895C-1D65-4A68-B9CC-144B5FADEB5A}.Release|x64.ActiveCfg = Release|Any CPU
		{DE08895C-1D65-4A68-B9CC-144B5FADEB5A}.Release|x64.Build.0 = Release|Any CPU
		{DE08895C-1D65-4A68-B9CC-144B5FADEB5A}.Release|x86.ActiveCfg = Release|Any CPU
		{DE08895C-1D65-4A68-B9CC-144B5FADEB5A}.Release|x86.Build.0 = Release|Any CPU
		{CF5DF473-3089-4B66-A483-9CDA206CC083}.Debug|Any CPU.ActiveCfg = Debug|Any CPU
		{CF5DF473-3089-4B66-A483-9CDA206CC083}.Debug|Any CPU.Build.0 = Debug|Any CPU
		{CF5DF473-3089-4B66-A483-9CDA206CC083}.Debug|x64.ActiveCfg = Debug|Any CPU
		{CF5DF473-3089-4B66-A483-9CDA206CC083}.Debug|x64.Build.0 = Debug|Any CPU
		{CF5DF473-3089-4B66-A483-9CDA206CC083}.Debug|x86.ActiveCfg = Debug|Any CPU
		{CF5DF473-3089-4B66-A483-9CDA206CC083}.Debug|x86.Build.0 = Debug|Any CPU
		{CF5DF473-3089-4B66-A483-9CDA206CC083}.Release|Any CPU.ActiveCfg = Release|Any CPU
		{CF5DF473-3089-4B66-A483-9CDA206CC083}.Release|Any CPU.Build.0 = Release|Any CPU
		{CF5DF473-3089-4B66-A483-9CDA206CC083}.Release|x64.ActiveCfg = Release|Any CPU
		{CF5DF473-3089-4B66-A483-9CDA206CC083}.Release|x64.Build.0 = Release|Any CPU
		{CF5DF473-3089-4B66-A483-9CDA206CC083}.Release|x86.ActiveCfg = Release|Any CPU
		{CF5DF473-3089-4B66-A483-9CDA206CC083}.Release|x86.Build.0 = Release|Any CPU
		{524E8E3D-3495-C6F7-F624-F7AD1A9F2621}.Debug|Any CPU.ActiveCfg = Debug|Any CPU
		{524E8E3D-3495-C6F7-F624-F7AD1A9F2621}.Debug|Any CPU.Build.0 = Debug|Any CPU
		{524E8E3D-3495-C6F7-F624-F7AD1A9F2621}.Debug|x64.ActiveCfg = Debug|Any CPU
		{524E8E3D-3495-C6F7-F624-F7AD1A9F2621}.Debug|x64.Build.0 = Debug|Any CPU
		{524E8E3D-3495-C6F7-F624-F7AD1A9F2621}.Debug|x86.ActiveCfg = Debug|Any CPU
		{524E8E3D-3495-C6F7-F624-F7AD1A9F2621}.Debug|x86.Build.0 = Debug|Any CPU
		{524E8E3D-3495-C6F7-F624-F7AD1A9F2621}.Release|Any CPU.ActiveCfg = Release|Any CPU
		{524E8E3D-3495-C6F7-F624-F7AD1A9F2621}.Release|Any CPU.Build.0 = Release|Any CPU
		{524E8E3D-3495-C6F7-F624-F7AD1A9F2621}.Release|x64.ActiveCfg = Release|Any CPU
		{524E8E3D-3495-C6F7-F624-F7AD1A9F2621}.Release|x64.Build.0 = Release|Any CPU
		{524E8E3D-3495-C6F7-F624-F7AD1A9F2621}.Release|x86.ActiveCfg = Release|Any CPU
		{524E8E3D-3495-C6F7-F624-F7AD1A9F2621}.Release|x86.Build.0 = Release|Any CPU
		{B70A8112-F9C0-5646-4C66-B34C8E8AB203}.Debug|Any CPU.ActiveCfg = Debug|Any CPU
		{B70A8112-F9C0-5646-4C66-B34C8E8AB203}.Debug|Any CPU.Build.0 = Debug|Any CPU
		{B70A8112-F9C0-5646-4C66-B34C8E8AB203}.Debug|x64.ActiveCfg = Debug|Any CPU
		{B70A8112-F9C0-5646-4C66-B34C8E8AB203}.Debug|x64.Build.0 = Debug|Any CPU
		{B70A8112-F9C0-5646-4C66-B34C8E8AB203}.Debug|x86.ActiveCfg = Debug|Any CPU
		{B70A8112-F9C0-5646-4C66-B34C8E8AB203}.Debug|x86.Build.0 = Debug|Any CPU
		{B70A8112-F9C0-5646-4C66-B34C8E8AB203}.Release|Any CPU.ActiveCfg = Release|Any CPU
		{B70A8112-F9C0-5646-4C66-B34C8E8AB203}.Release|Any CPU.Build.0 = Release|Any CPU
		{B70A8112-F9C0-5646-4C66-B34C8E8AB203}.Release|x64.ActiveCfg = Release|Any CPU
		{B70A8112-F9C0-5646-4C66-B34C8E8AB203}.Release|x64.Build.0 = Release|Any CPU
		{B70A8112-F9C0-5646-4C66-B34C8E8AB203}.Release|x86.ActiveCfg = Release|Any CPU
		{B70A8112-F9C0-5646-4C66-B34C8E8AB203}.Release|x86.Build.0 = Release|Any CPU
		{78D9DDB5-4B3D-01F8-E5D0-0498080F54F1}.Debug|Any CPU.ActiveCfg = Debug|Any CPU
		{78D9DDB5-4B3D-01F8-E5D0-0498080F54F1}.Debug|Any CPU.Build.0 = Debug|Any CPU
		{78D9DDB5-4B3D-01F8-E5D0-0498080F54F1}.Debug|x64.ActiveCfg = Debug|Any CPU
		{78D9DDB5-4B3D-01F8-E5D0-0498080F54F1}.Debug|x64.Build.0 = Debug|Any CPU
		{78D9DDB5-4B3D-01F8-E5D0-0498080F54F1}.Debug|x86.ActiveCfg = Debug|Any CPU
		{78D9DDB5-4B3D-01F8-E5D0-0498080F54F1}.Debug|x86.Build.0 = Debug|Any CPU
		{78D9DDB5-4B3D-01F8-E5D0-0498080F54F1}.Release|Any CPU.ActiveCfg = Release|Any CPU
		{78D9DDB5-4B3D-01F8-E5D0-0498080F54F1}.Release|Any CPU.Build.0 = Release|Any CPU
		{78D9DDB5-4B3D-01F8-E5D0-0498080F54F1}.Release|x64.ActiveCfg = Release|Any CPU
		{78D9DDB5-4B3D-01F8-E5D0-0498080F54F1}.Release|x64.Build.0 = Release|Any CPU
		{78D9DDB5-4B3D-01F8-E5D0-0498080F54F1}.Release|x86.ActiveCfg = Release|Any CPU
		{78D9DDB5-4B3D-01F8-E5D0-0498080F54F1}.Release|x86.Build.0 = Release|Any CPU
		{CB80CD10-DC2F-48A6-91D6-192C84AD765A}.Debug|Any CPU.ActiveCfg = Debug|Any CPU
		{CB80CD10-DC2F-48A6-91D6-192C84AD765A}.Debug|Any CPU.Build.0 = Debug|Any CPU
		{CB80CD10-DC2F-48A6-91D6-192C84AD765A}.Debug|x64.ActiveCfg = Debug|Any CPU
		{CB80CD10-DC2F-48A6-91D6-192C84AD765A}.Debug|x64.Build.0 = Debug|Any CPU
		{CB80CD10-DC2F-48A6-91D6-192C84AD765A}.Debug|x86.ActiveCfg = Debug|Any CPU
		{CB80CD10-DC2F-48A6-91D6-192C84AD765A}.Debug|x86.Build.0 = Debug|Any CPU
		{CB80CD10-DC2F-48A6-91D6-192C84AD765A}.Release|Any CPU.ActiveCfg = Release|Any CPU
		{CB80CD10-DC2F-48A6-91D6-192C84AD765A}.Release|Any CPU.Build.0 = Release|Any CPU
		{CB80CD10-DC2F-48A6-91D6-192C84AD765A}.Release|x64.ActiveCfg = Release|Any CPU
		{CB80CD10-DC2F-48A6-91D6-192C84AD765A}.Release|x64.Build.0 = Release|Any CPU
		{CB80CD10-DC2F-48A6-91D6-192C84AD765A}.Release|x86.ActiveCfg = Release|Any CPU
		{CB80CD10-DC2F-48A6-91D6-192C84AD765A}.Release|x86.Build.0 = Release|Any CPU
		{75AF1D68-CD4A-4C01-9728-7A93B8DDEA1B}.Debug|Any CPU.ActiveCfg = Debug|Any CPU
		{75AF1D68-CD4A-4C01-9728-7A93B8DDEA1B}.Debug|Any CPU.Build.0 = Debug|Any CPU
		{75AF1D68-CD4A-4C01-9728-7A93B8DDEA1B}.Debug|x64.ActiveCfg = Debug|Any CPU
		{75AF1D68-CD4A-4C01-9728-7A93B8DDEA1B}.Debug|x64.Build.0 = Debug|Any CPU
		{75AF1D68-CD4A-4C01-9728-7A93B8DDEA1B}.Debug|x86.ActiveCfg = Debug|Any CPU
		{75AF1D68-CD4A-4C01-9728-7A93B8DDEA1B}.Debug|x86.Build.0 = Debug|Any CPU
		{75AF1D68-CD4A-4C01-9728-7A93B8DDEA1B}.Release|Any CPU.ActiveCfg = Release|Any CPU
		{75AF1D68-CD4A-4C01-9728-7A93B8DDEA1B}.Release|Any CPU.Build.0 = Release|Any CPU
		{75AF1D68-CD4A-4C01-9728-7A93B8DDEA1B}.Release|x64.ActiveCfg = Release|Any CPU
		{75AF1D68-CD4A-4C01-9728-7A93B8DDEA1B}.Release|x64.Build.0 = Release|Any CPU
		{75AF1D68-CD4A-4C01-9728-7A93B8DDEA1B}.Release|x86.ActiveCfg = Release|Any CPU
		{75AF1D68-CD4A-4C01-9728-7A93B8DDEA1B}.Release|x86.Build.0 = Release|Any CPU
		{B8D3FBB1-E102-48FE-838E-5F907B9B3A8D}.Debug|Any CPU.ActiveCfg = Debug|Any CPU
		{B8D3FBB1-E102-48FE-838E-5F907B9B3A8D}.Debug|Any CPU.Build.0 = Debug|Any CPU
		{B8D3FBB1-E102-48FE-838E-5F907B9B3A8D}.Debug|x64.ActiveCfg = Debug|Any CPU
		{B8D3FBB1-E102-48FE-838E-5F907B9B3A8D}.Debug|x64.Build.0 = Debug|Any CPU
		{B8D3FBB1-E102-48FE-838E-5F907B9B3A8D}.Debug|x86.ActiveCfg = Debug|Any CPU
		{B8D3FBB1-E102-48FE-838E-5F907B9B3A8D}.Debug|x86.Build.0 = Debug|Any CPU
		{B8D3FBB1-E102-48FE-838E-5F907B9B3A8D}.Release|Any CPU.ActiveCfg = Release|Any CPU
		{B8D3FBB1-E102-48FE-838E-5F907B9B3A8D}.Release|Any CPU.Build.0 = Release|Any CPU
		{B8D3FBB1-E102-48FE-838E-5F907B9B3A8D}.Release|x64.ActiveCfg = Release|Any CPU
		{B8D3FBB1-E102-48FE-838E-5F907B9B3A8D}.Release|x64.Build.0 = Release|Any CPU
		{B8D3FBB1-E102-48FE-838E-5F907B9B3A8D}.Release|x86.ActiveCfg = Release|Any CPU
		{B8D3FBB1-E102-48FE-838E-5F907B9B3A8D}.Release|x86.Build.0 = Release|Any CPU
		{71123CA7-06B4-BEC1-ED29-A55FCC7F22BB}.Debug|Any CPU.ActiveCfg = Debug|Any CPU
		{71123CA7-06B4-BEC1-ED29-A55FCC7F22BB}.Debug|Any CPU.Build.0 = Debug|Any CPU
		{71123CA7-06B4-BEC1-ED29-A55FCC7F22BB}.Debug|x64.ActiveCfg = Debug|Any CPU
		{71123CA7-06B4-BEC1-ED29-A55FCC7F22BB}.Debug|x64.Build.0 = Debug|Any CPU
		{71123CA7-06B4-BEC1-ED29-A55FCC7F22BB}.Debug|x86.ActiveCfg = Debug|Any CPU
		{71123CA7-06B4-BEC1-ED29-A55FCC7F22BB}.Debug|x86.Build.0 = Debug|Any CPU
		{71123CA7-06B4-BEC1-ED29-A55FCC7F22BB}.Release|Any CPU.ActiveCfg = Release|Any CPU
		{71123CA7-06B4-BEC1-ED29-A55FCC7F22BB}.Release|Any CPU.Build.0 = Release|Any CPU
		{71123CA7-06B4-BEC1-ED29-A55FCC7F22BB}.Release|x64.ActiveCfg = Release|Any CPU
		{71123CA7-06B4-BEC1-ED29-A55FCC7F22BB}.Release|x64.Build.0 = Release|Any CPU
		{71123CA7-06B4-BEC1-ED29-A55FCC7F22BB}.Release|x86.ActiveCfg = Release|Any CPU
		{71123CA7-06B4-BEC1-ED29-A55FCC7F22BB}.Release|x86.Build.0 = Release|Any CPU
	EndGlobalSection
	GlobalSection(SolutionProperties) = preSolution
		HideSolutionNode = FALSE
	EndGlobalSection
	GlobalSection(NestedProjects) = preSolution
		{E9FCB2FE-4245-44DF-A7DE-189496E1431F} = {80B7EE8D-BFD5-4F31-BC37-103FDDACEA23}
		{DBDD07F6-003B-4E2D-8BBA-651A29E54445} = {B79CBB23-CB3B-4934-921E-59BF51B96B93}
	EndGlobalSection
	GlobalSection(ExtensibilityGlobals) = postSolution
		SolutionGuid = {527DD901-16CB-4923-96ED-B02CD23566E7}
	EndGlobalSection
EndGlobal
